{
  "name": "LOGIC BEAUTY - Copia",
  "lockfileVersion": 3,
  "requires": true,
  "packages": {
    "": {
      "dependencies": {
        "node-cron": "^4.2.1",
        "nodemailer": "^8.0.4"
      }
    },
    "node_modules/node-cron": {
      "version": "4.2.1",
      "resolved": "https://registry.npmjs.org/node-cron/-/node-cron-4.2.1.tgz",
      "integrity": "sha512-lgimEHPE/QDgFlywTd8yTR61ptugX3Qer29efeyWw2rv259HtGBNn1vZVmp8lB9uo9wC0t/AT4iGqXxia+CJFg==",
      "license": "ISC",
      "engines": {
        "node": ">=6.0.0"
      }
    },
    "node_modules/nodemailer": {
      "version": "8.0.4",
      "resolved": "https://registry.npmjs.org/nodemailer/-/nodemailer-8.0.4.tgz",
      "integrity": "sha512-k+jf6N8PfQJ0Fe8ZhJlgqU5qJU44Lpvp2yvidH3vp1lPnVQMgi4yEEMPXg5eJS1gFIJTVq1NHBk7Ia9ARdSBdQ==",
      "license": "MIT-0",
      "engines": {
        "node": ">=6.0.0"
      }
    }
  }
}
